
Microsoft Visual Studio Solution File, Format Version 12.00
# Visual Studio Version 17
VisualStudioVersion = 17.1.32414.318
MinimumVisualStudioVersion = 10.0.40219.1
Project("{FAE04EC0-301F-11D3-BF4B-00C04F79EFBC}") = "RegistrationLab", "RegistrationLab\RegistrationLab.csproj", "{B49B6ED5-770C-47E8-8F51-62EA785EFE1F}"
EndProject
Global
	GlobalSection(SolutionConfigurationPlatforms) = preSolution
		Debug|Any CPU = Debug|Any CPU
		Release|Any CPU = Release|Any CPU
	EndGlobalSection
	GlobalSection(ProjectConfigurationPlatforms) = postSolution
		{B49B6ED5-770C-47E8-8F51-62EA785EFE1F}.Debug|Any CPU.ActiveCfg = Debug|Any CPU
		{B49B6ED5-770C-47E8-8F51-62EA785EFE1F}.Debug|Any CPU.Build.0 = Debug|Any CPU
		{B49B6ED5-770C-47E8-8F51-62EA785EFE1F}.Release|Any CPU.ActiveCfg = Release|Any CPU
		{B49B6ED5-770C-47E8-8F51-62EA785EFE1F}.Release|Any CPU.Build.0 = Release|Any CPU
	EndGlobalSection
	GlobalSection(SolutionProperties) = preSolution
		HideSolutionNode = FALSE
	EndGlobalSection
	GlobalSection(ExtensibilityGlobals) = postSolution
		SolutionGuid = {89CCB27F-5565-4948-B281-988A8C25BBAF}
	EndGlobalSection
EndGlobal
